
Microsoft Visual Studio Solution File, Format Version 12.00
# Visual Studio Version 17
VisualStudioVersion = 17.5.33627.172
MinimumVisualStudioVersion = 10.0.40219.1
Project("{8BC9CEB8-8B4A-11D0-8D11-00A0C91BC942}") = "luajit", "LuaJIT.vcxproj", "{75291FBF-5A09-4767-AFEA-8C6B025BF5D4}"
	ProjectSection(ProjectDependencies) = postProject
		{7FAD5ECB-AAD1-4D93-9CB5-542F03EC98F9} = {7FAD5ECB-AAD1-4D93-9CB5-542F03EC98F9}
	EndProjectSection
EndProject
Project("{8BC9CEB8-8B4A-11D0-8D11-00A0C91BC942}") = "minilua", "minilua.vcxproj", "{B3716555-F739-4069-BB66-C563C3969629}"
EndProject
Project("{8BC9CEB8-8B4A-11D0-8D11-00A0C91BC942}") = "buildvm", "buildvm.vcxproj", "{88ABA852-E15D-475D-9ED9-93DBA23C2388}"
	ProjectSection(ProjectDependencies) = postProject
		{B3716555-F739-4069-BB66-C563C3969629} = {B3716555-F739-4069-BB66-C563C3969629}
	EndProjectSection
EndProject
Project("{9A19103F-16F7-4668-BE54-9A1E7A4F7556}") = "tests", "tests\tests.csproj", "{C5922BE2-E4BC-4150-9333-042D1D1D8A45}"
	ProjectSection(ProjectDependencies) = postProject
		{05823185-75A4-4CAF-A4CE-0EAC965CBC93} = {05823185-75A4-4CAF-A4CE-0EAC965CBC93}
		{75291FBF-5A09-4767-AFEA-8C6B025BF5D4} = {75291FBF-5A09-4767-AFEA-8C6B025BF5D4}
		{B284063B-DBE1-4831-AA63-9C16713E4D77} = {B284063B-DBE1-4831-AA63-9C16713E4D77}
	EndProjectSection
EndProject
Project("{8BC9CEB8-8B4A-11D0-8D11-00A0C91BC942}") = "cpptest", "cpptest.vcxproj", "{B284063B-DBE1-4831-AA63-9C16713E4D77}"
	ProjectSection(ProjectDependencies) = postProject
		{7FAD5ECB-AAD1-4D93-9CB5-542F03EC98F9} = {7FAD5ECB-AAD1-4D93-9CB5-542F03EC98F9}
	EndProjectSection
EndProject
Project("{2150E333-8FDC-42A3-9474-1A3956D46DE8}") = "LuaJIT", "LuaJIT", "{76AAD104-2A5B-4BE6-A2AB-920770AD2364}"
EndProject
Project("{2150E333-8FDC-42A3-9474-1A3956D46DE8}") = "Tests", "Tests", "{E024FC59-C9AB-4860-B649-76EF90521C5D}"
EndProject
Project("{8BC9CEB8-8B4A-11D0-8D11-00A0C91BC942}") = "luajitdll", "luajitdll.vcxproj", "{7FAD5ECB-AAD1-4D93-9CB5-542F03EC98F9}"
	ProjectSection(ProjectDependencies) = postProject
		{88ABA852-E15D-475D-9ED9-93DBA23C2388} = {88ABA852-E15D-475D-9ED9-93DBA23C2388}
	EndProjectSection
EndProject
Project("{8BC9CEB8-8B4A-11D0-8D11-00A0C91BC942}") = "ctest", "ctest.vcxproj", "{05823185-75A4-4CAF-A4CE-0EAC965CBC93}"
EndProject
Global
	GlobalSection(SolutionConfigurationPlatforms) = preSolution
		Debug|Any CPU = Debug|Any CPU
		Debug|x64 = Debug|x64
		Debug|x86 = Debug|x86
		Release|Any CPU = Release|Any CPU
		Release|x64 = Release|x64
		Release|x86 = Release|x86
	EndGlobalSection
	GlobalSection(ProjectConfigurationPlatforms) = postSolution
		{75291FBF-5A09-4767-AFEA-8C6B025BF5D4}.Debug|Any CPU.ActiveCfg = Debug|x64
		{75291FBF-5A09-4767-AFEA-8C6B025BF5D4}.Debug|Any CPU.Build.0 = Debug|x64
		{75291FBF-5A09-4767-AFEA-8C6B025BF5D4}.Debug|x64.ActiveCfg = Debug|x64
		{75291FBF-5A09-4767-AFEA-8C6B025BF5D4}.Debug|x64.Build.0 = Debug|x64
		{75291FBF-5A09-4767-AFEA-8C6B025BF5D4}.Debug|x86.ActiveCfg = Debug|x64
		{75291FBF-5A09-4767-AFEA-8C6B025BF5D4}.Release|Any CPU.ActiveCfg = Release|x64
		{75291FBF-5A09-4767-AFEA-8C6B025BF5D4}.Release|Any CPU.Build.0 = Release|x64
		{75291FBF-5A09-4767-AFEA-8C6B025BF5D4}.Release|x64.ActiveCfg = Release|x64
		{75291FBF-5A09-4767-AFEA-8C6B025BF5D4}.Release|x64.Build.0 = Release|x64
		{75291FBF-5A09-4767-AFEA-8C6B025BF5D4}.Release|x86.ActiveCfg = Release|x64
		{B3716555-F739-4069-BB66-C563C3969629}.Debug|Any CPU.ActiveCfg = Debug|x64
		{B3716555-F739-4069-BB66-C563C3969629}.Debug|Any CPU.Build.0 = Debug|x64
		{B3716555-F739-4069-BB66-C563C3969629}.Debug|x64.ActiveCfg = Debug|x64
		{B3716555-F739-4069-BB66-C563C3969629}.Debug|x64.Build.0 = Debug|x64
		{B3716555-F739-4069-BB66-C563C3969629}.Debug|x86.ActiveCfg = Debug|x64
		{B3716555-F739-4069-BB66-C563C3969629}.Release|Any CPU.ActiveCfg = Release|x64
		{B3716555-F739-4069-BB66-C563C3969629}.Release|Any CPU.Build.0 = Release|x64
		{B3716555-F739-4069-BB66-C563C3969629}.Release|x64.ActiveCfg = Release|x64
		{B3716555-F739-4069-BB66-C563C3969629}.Release|x64.Build.0 = Release|x64
		{B3716555-F739-4069-BB66-C563C3969629}.Release|x86.ActiveCfg = Release|x64
		{88ABA852-E15D-475D-9ED9-93DBA23C2388}.Debug|Any CPU.ActiveCfg = Debug|x64
		{88ABA852-E15D-475D-9ED9-93DBA23C2388}.Debug|Any CPU.Build.0 = Debug|x64
		{88ABA852-E15D-475D-9ED9-93DBA23C2388}.Debug|x64.ActiveCfg = Debug|x64
		{88ABA852-E15D-475D-9ED9-93DBA23C2388}.Debug|x64.Build.0 = Debug|x64
		{88ABA852-E15D-475D-9ED9-93DBA23C2388}.Debug|x86.ActiveCfg = Debug|x64
		{88ABA852-E15D-475D-9ED9-93DBA23C2388}.Debug|x86.Build.0 = Debug|x64
		{88ABA852-E15D-475D-9ED9-93DBA23C2388}.Release|Any CPU.ActiveCfg = Release|x64
		{88ABA852-E15D-475D-9ED9-93DBA23C2388}.Release|Any CPU.Build.0 = Release|x64
		{88ABA852-E15D-475D-9ED9-93DBA23C2388}.Release|x64.ActiveCfg = Release|x64
		{88ABA852-E15D-475D-9ED9-93DBA23C2388}.Release|x64.Build.0 = Release|x64
		{88ABA852-E15D-475D-9ED9-93DBA23C2388}.Release|x86.ActiveCfg = Release|x64
		{88ABA852-E15D-475D-9ED9-93DBA23C2388}.Release|x86.Build.0 = Release|x64
		{C5922BE2-E4BC-4150-9333-042D1D1D8A45}.Debug|Any CPU.ActiveCfg = Debug|Any CPU
		{C5922BE2-E4BC-4150-9333-042D1D1D8A45}.Debug|Any CPU.Build.0 = Debug|Any CPU
		{C5922BE2-E4BC-4150-9333-042D1D1D8A45}.Debug|x64.ActiveCfg = Debug|Any CPU
		{C5922BE2-E4BC-4150-9333-042D1D1D8A45}.Debug|x64.Build.0 = Debug|Any CPU
		{C5922BE2-E4BC-4150-9333-042D1D1D8A45}.Debug|x86.ActiveCfg = Debug|Any CPU
		{C5922BE2-E4BC-4150-9333-042D1D1D8A45}.Debug|x86.Build.0 = Debug|Any CPU
		{C5922BE2-E4BC-4150-9333-042D1D1D8A45}.Release|Any CPU.ActiveCfg = Release|Any CPU
		{C5922BE2-E4BC-4150-9333-042D1D1D8A45}.Release|Any CPU.Build.0 = Release|Any CPU
		{C5922BE2-E4BC-4150-9333-042D1D1D8A45}.Release|x64.ActiveCfg = Release|Any CPU
		{C5922BE2-E4BC-4150-9333-042D1D1D8A45}.Release|x64.Build.0 = Release|Any CPU
		{C5922BE2-E4BC-4150-9333-042D1D1D8A45}.Release|x86.ActiveCfg = Release|Any CPU
		{C5922BE2-E4BC-4150-9333-042D1D1D8A45}.Release|x86.Build.0 = Release|Any CPU
		{B284063B-DBE1-4831-AA63-9C16713E4D77}.Debug|Any CPU.ActiveCfg = Debug|x64
		{B284063B-DBE1-4831-AA63-9C16713E4D77}.Debug|Any CPU.Build.0 = Debug|x64
		{B284063B-DBE1-4831-AA63-9C16713E4D77}.Debug|x64.ActiveCfg = Debug|x64
		{B284063B-DBE1-4831-AA63-9C16713E4D77}.Debug|x64.Build.0 = Debug|x64
		{B284063B-DBE1-4831-AA63-9C16713E4D77}.Debug|x86.ActiveCfg = Debug|x64
		{B284063B-DBE1-4831-AA63-9C16713E4D77}.Debug|x86.Build.0 = Debug|x64
		{B284063B-DBE1-4831-AA63-9C16713E4D77}.Release|Any CPU.ActiveCfg = Release|x64
		{B284063B-DBE1-4831-AA63-9C16713E4D77}.Release|Any CPU.Build.0 = Release|x64
		{B284063B-DBE1-4831-AA63-9C16713E4D77}.Release|x64.ActiveCfg = Release|x64
		{B284063B-DBE1-4831-AA63-9C16713E4D77}.Release|x64.Build.0 = Release|x64
		{B284063B-DBE1-4831-AA63-9C16713E4D77}.Release|x86.ActiveCfg = Release|x64
		{B284063B-DBE1-4831-AA63-9C16713E4D77}.Release|x86.Build.0 = Release|x64
		{7FAD5ECB-AAD1-4D93-9CB5-542F03EC98F9}.Debug|Any CPU.ActiveCfg = Debug|x64
		{7FAD5ECB-AAD1-4D93-9CB5-542F03EC98F9}.Debug|Any CPU.Build.0 = Debug|x64
		{7FAD5ECB-AAD1-4D93-9CB5-542F03EC98F9}.Debug|x64.ActiveCfg = Debug|x64
		{7FAD5ECB-AAD1-4D93-9CB5-542F03EC98F9}.Debug|x64.Build.0 = Debug|x64
		{7FAD5ECB-AAD1-4D93-9CB5-542F03EC98F9}.Debug|x86.ActiveCfg = Debug|x64
		{7FAD5ECB-AAD1-4D93-9CB5-542F03EC98F9}.Debug|x86.Build.0 = Debug|x64
		{7FAD5ECB-AAD1-4D93-9CB5-542F03EC98F9}.Release|Any CPU.ActiveCfg = Release|x64
		{7FAD5ECB-AAD1-4D93-9CB5-542F03EC98F9}.Release|Any CPU.Build.0 = Release|x64
		{7FAD5ECB-AAD1-4D93-9CB5-542F03EC98F9}.Release|x64.ActiveCfg = Release|x64
		{7FAD5ECB-AAD1-4D93-9CB5-542F03EC98F9}.Release|x64.Build.0 = Release|x64
		{7FAD5ECB-AAD1-4D93-9CB5-542F03EC98F9}.Release|x86.ActiveCfg = Release|x64
		{7FAD5ECB-AAD1-4D93-9CB5-542F03EC98F9}.Release|x86.Build.0 = Release|x64
		{05823185-75A4-4CAF-A4CE-0EAC965CBC93}.Debug|Any CPU.ActiveCfg = Debug|x64
		{05823185-75A4-4CAF-A4CE-0EAC965CBC93}.Debug|Any CPU.Build.0 = Debug|x64
		{05823185-75A4-4CAF-A4CE-0EAC965CBC93}.Debug|x64.ActiveCfg = Debug|x64
		{05823185-75A4-4CAF-A4CE-0EAC965CBC93}.Debug|x64.Build.0 = Debug|x64
		{05823185-75A4-4CAF-A4CE-0EAC965CBC93}.Debug|x86.ActiveCfg = Debug|x64
		{05823185-75A4-4CAF-A4CE-0EAC965CBC93}.Debug|x86.Build.0 = Debug|x64
		{05823185-75A4-4CAF-A4CE-0EAC965CBC93}.Release|Any CPU.ActiveCfg = Release|x64
		{05823185-75A4-4CAF-A4CE-0EAC965CBC93}.Release|Any CPU.Build.0 = Release|x64
		{05823185-75A4-4CAF-A4CE-0EAC965CBC93}.Release|x64.ActiveCfg = Release|x64
		{05823185-75A4-4CAF-A4CE-0EAC965CBC93}.Release|x64.Build.0 = Release|x64
		{05823185-75A4-4CAF-A4CE-0EAC965CBC93}.Release|x86.ActiveCfg = Release|x64
		{05823185-75A4-4CAF-A4CE-0EAC965CBC93}.Release|x86.Build.0 = Release|x64
	EndGlobalSection
	GlobalSection(SolutionProperties) = preSolution
		HideSolutionNode = FALSE
	EndGlobalSection
	GlobalSection(NestedProjects) = preSolution
		{75291FBF-5A09-4767-AFEA-8C6B025BF5D4} = {76AAD104-2A5B-4BE6-A2AB-920770AD2364}
		{B3716555-F739-4069-BB66-C563C3969629} = {76AAD104-2A5B-4BE6-A2AB-920770AD2364}
		{88ABA852-E15D-475D-9ED9-93DBA23C2388} = {76AAD104-2A5B-4BE6-A2AB-920770AD2364}
		{C5922BE2-E4BC-4150-9333-042D1D1D8A45} = {E024FC59-C9AB-4860-B649-76EF90521C5D}
		{B284063B-DBE1-4831-AA63-9C16713E4D77} = {E024FC59-C9AB-4860-B649-76EF90521C5D}
		{7FAD5ECB-AAD1-4D93-9CB5-542F03EC98F9} = {76AAD104-2A5B-4BE6-A2AB-920770AD2364}
		{05823185-75A4-4CAF-A4CE-0EAC965CBC93} = {E024FC59-C9AB-4860-B649-76EF90521C5D}
	EndGlobalSection
	GlobalSection(ExtensibilityGlobals) = postSolution
		SolutionGuid = {79921900-8800-43DE-92A2-E7F899A7EBA9}
	EndGlobalSection
EndGlobal
