<?xml version="1.0" encoding="utf-8"?>
<Project ToolsVersion="4.0" xmlns="http://schemas.microsoft.com/developer/msbuild/2003">
  <ItemGroup>
    <ClCompile Include="src\luajit.c" />
  </ItemGroup>
  <ItemGroup>
    <None Include="src\.editorconfig" />
    <None Include="src\jit\bc.lua">
      <Filter>jit</Filter>
    </None>
    <None Include="src\jit\bcsave.lua">
      <Filter>jit</Filter>
    </None>
    <None Include="src\jit\dis_arm.lua">
      <Filter>jit</Filter>
    </None>
    <None Include="src\jit\dis_arm64.lua">
      <Filter>jit</Filter>
    </None>
    <None Include="src\jit\dis_arm64be.lua">
      <Filter>jit</Filter>
    </None>
    <None Include="src\jit\dis_mips.lua">
      <Filter>jit</Filter>
    </None>
    <None Include="src\jit\dis_mips64.lua">
      <Filter>jit</Filter>
    </None>
    <None Include="src\jit\dis_mips64el.lua">
      <Filter>jit</Filter>
    </None>
    <None Include="src\jit\dis_mips64r6.lua">
      <Filter>jit</Filter>
    </None>
    <None Include="src\jit\dis_mips64r6el.lua">
      <Filter>jit</Filter>
    </None>
    <None Include="src\jit\dis_mipsel.lua">
      <Filter>jit</Filter>
    </None>
    <None Include="src\jit\dis_ppc.lua">
      <Filter>jit</Filter>
    </None>
    <None Include="src\jit\dis_x64.lua">
      <Filter>jit</Filter>
    </None>
    <None Include="src\jit\dis_x86.lua">
      <Filter>jit</Filter>
    </None>
    <None Include="src\jit\dump.lua">
      <Filter>jit</Filter>
    </None>
    <None Include="src\jit\p.lua">
      <Filter>jit</Filter>
    </None>
    <None Include="src\jit\v.lua">
      <Filter>jit</Filter>
    </None>
    <None Include="src\jit\vmdef.lua">
      <Filter>jit</Filter>
    </None>
    <None Include="src\jit\zone.lua">
      <Filter>jit</Filter>
    </None>
  </ItemGroup>
  <ItemGroup>
    <Filter Include="jit">
      <UniqueIdentifier>{116d928b-4b64-4a68-b8d2-6a5b6bda5aa5}</UniqueIdentifier>
    </Filter>
  </ItemGroup>
</Project>